
Microsoft Visual Studio Solution File, Format Version 12.00
# Visual Studio Version 17
VisualStudioVersion = 17.11.35222.181
MinimumVisualStudioVersion = 10.0.40219.1
Project("{8BC9CEB8-8B4A-11D0-8D11-00A0C91BC942}") = "Sortida consola - Funcions", "Sortida consola - Funcions\Sortida consola - Funcions.vcxproj", "{05DCC202-D0C1-4014-BB1C-2CB2F44A120E}"
EndProject
Global
	GlobalSection(SolutionConfigurationPlatforms) = preSolution
		Debug|x64 = Debug|x64
		Debug|x86 = Debug|x86
		Release|x64 = Release|x64
		Release|x86 = Release|x86
	EndGlobalSection
	GlobalSection(ProjectConfigurationPlatforms) = postSolution
		{05DCC202-D0C1-4014-BB1C-2CB2F44A120E}.Debug|x64.ActiveCfg = Debug|x64
		{05DCC202-D0C1-4014-BB1C-2CB2F44A120E}.Debug|x64.Build.0 = Debug|x64
		{05DCC202-D0C1-4014-BB1C-2CB2F44A120E}.Debug|x86.ActiveCfg = Debug|Win32
		{05DCC202-D0C1-4014-BB1C-2CB2F44A120E}.Debug|x86.Build.0 = Debug|Win32
		{05DCC202-D0C1-4014-BB1C-2CB2F44A120E}.Release|x64.ActiveCfg = Release|x64
		{05DCC202-D0C1-4014-BB1C-2CB2F44A120E}.Release|x64.Build.0 = Release|x64
		{05DCC202-D0C1-4014-BB1C-2CB2F44A120E}.Release|x86.ActiveCfg = Release|Win32
		{05DCC202-D0C1-4014-BB1C-2CB2F44A120E}.Release|x86.Build.0 = Release|Win32
	EndGlobalSection
	GlobalSection(SolutionProperties) = preSolution
		HideSolutionNode = FALSE
	EndGlobalSection
	GlobalSection(ExtensibilityGlobals) = postSolution
		SolutionGuid = {460850EA-B359-4AD9-BCC5-92F85212A16E}
	EndGlobalSection
EndGlobal
